// !$*UTF8*$!
{
	archiveVersion = 1;
	classes = {
	};
	objectVersion = 46;
	objects = {

/* Begin PBXBuildFile section */
		5AE9A7031C750C6700BC450B /* AppDelegate.swift in Sources */ = {isa = PBXBuildFile; fileRef = 5AE9A7021C750C6700BC450B /* AppDelegate.swift */; };
		5AE9A7051C750C6700BC450B /* ViewController.swift in Sources */ = {isa = PBXBuildFile; fileRef = 5AE9A7041C750C6700BC450B /* ViewController.swift */; };
		5AE9A7081C750C6800BC450B /* Main.storyboard in Resources */ = {isa = PBXBuildFile; fileRef = 5AE9A7061C750C6800BC450B /* Main.storyboard */; };
		5AE9A70B1C750C6800BC450B /* _View.xcdatamodeld in Sources */ = {isa = PBXBuildFile; fileRef = 5AE9A7091C750C6800BC450B /* _View.xcdatamodeld */; };
		5AE9A70D1C750C6800BC450B /* Assets.xcassets in Resources */ = {isa = PBXBuildFile; fileRef = 5AE9A70C1C750C6800BC450B /* Assets.xcassets */; };
		5AE9A7101C750C6800BC450B /* LaunchScreen.storyboard in Resources */ = {isa = PBXBuildFile; fileRef = 5AE9A70E1C750C6800BC450B /* LaunchScreen.storyboard */; };
/* End PBXBuildFile section */

/* Begin PBXFileReference section */
		5AE9A6FF1C750C6700BC450B /* 2View.app */ = {isa = PBXFileReference; explicitFileType = wrapper.application; includeInIndex = 0; path = 2View.app; sourceTree = BUILT_PRODUCTS_DIR; };
		5AE9A7021C750C6700BC450B /* AppDelegate.swift */ = {isa = PBXFileReference; lastKnownFileType = sourcecode.swift; path = AppDelegate.swift; sourceTree = "<group>"; };
		5AE9A7041C750C6700BC450B /* ViewController.swift */ = {isa = PBXFileReference; lastKnownFileType = sourcecode.swift; path = ViewController.swift; sourceTree = "<group>"; };
		5AE9A7071C750C6800BC450B /* Base */ = {isa = PBXFileReference; lastKnownFileType = file.storyboard; name = Base; path = Base.lproj/Main.storyboard; sourceTree = "<group>"; };
		5AE9A70A1C750C6800BC450B /* _View.xcdatamodel */ = {isa = PBXFileReference; lastKnownFileType = wrapper.xcdatamodel; path = _View.xcdatamodel; sourceTree = "<group>"; };
		5AE9A70C1C750C6800BC450B /* Assets.xcassets */ = {isa = PBXFileReference; lastKnownFileType = folder.assetcatalog; path = Assets.xcassets; sourceTree = "<group>"; };
		5AE9A70F1C750C6800BC450B /* Base */ = {isa = PBXFileReference; lastKnownFileType = file.storyboard; name = Base; path = Base.lproj/LaunchScreen.storyboard; sourceTree = "<group>"; };
		5AE9A7111C750C6800BC450B /* Info.plist */ = {isa = PBXFileReference; lastKnownFileType = text.plist.xml; path = Info.plist; sourceTree = "<group>"; };
/* End PBXFileReference section */

/* Begin PBXFrameworksBuildPhase section */
		5AE9A6FC1C750C6600BC450B /* Frameworks */ = {
			isa = PBXFrameworksBuildPhase;
			buildActionMask = 2147483647;
			files = (
			);
			runOnlyForDeploymentPostprocessing = 0;
		};
/* End PBXFrameworksBuildPhase section */

/* Begin PBXGroup section */
		5AE9A6F61C750C6500BC450B = {
			isa = PBXGroup;
			children = (
				5AE9A7011C750C6700BC450B /* 2View */,
				5AE9A7001C750C6700BC450B /* Products */,
			);
			sourceTree = "<group>";
		};
		5AE9A7001C750C6700BC450B /* Products */ = {
			isa = PBXGroup;
			children = (
				5AE9A6FF1C750C6700BC450B /* 2View.app */,
			);
			name = Products;
			sourceTree = "<group>";
		};
		5AE9A7011C750C6700BC450B /* 2View */ = {
			isa = PBXGroup;
			children = (
				5AE9A7021C750C6700BC450B /* AppDelegate.swift */,
				5AE9A7041C750C6700BC450B /* ViewController.swift */,
				5AE9A7061C750C6800BC450B /* Main.storyboard */,
				5AE9A70C1C750C6800BC450B /* Assets.xcassets */,
				5AE9A70E1C750C6800BC450B /* LaunchScreen.storyboard */,
				5AE9A7111C750C6800BC450B /* Info.plist */,
				5AE9A7091C750C6800BC450B /* _View.xcdatamodeld */,
			);
			path = 2View;
			sourceTree = "<group>";
		};
/* End PBXGroup section */

/* Begin PBXNativeTarget section */
		5AE9A6FE1C750C6600BC450B /* 2View */ = {
			isa = PBXNativeTarget;
			buildConfigurationList = 5AE9A7141C750C6800BC450B /* Build configuration list for PBXNativeTarget "2View" */;
			buildPhases = (
				5AE9A6FB1C750C6600BC450B /* Sources */,
				5AE9A6FC1C750C6600BC450B /* Frameworks */,
				5AE9A6FD1C750C6600BC450B /* Resources */,
			);
			buildRules = (
			);
			dependencies = (
			);
			name = 2View;
			productName = 2View;
			productReference = 5AE9A6FF1C750C6700BC450B /* 2View.app */;
			productType = "com.apple.product-type.application";
		};
/* End PBXNativeTarget section */

/* Begin PBXProject section */
		5AE9A6F71C750C6600BC450B /* Project object */ = {
			isa = PBXProject;
			attributes = {
				LastSwiftUpdateCheck = 0720;
				LastUpgradeCheck = 0720;
				ORGANIZATIONNAME = "Owen Hooper";
				TargetAttributes = {
					5AE9A6FE1C750C6600BC450B = {
						CreatedOnToolsVersion = 7.2;
						DevelopmentTeam = D44QQ55732;
					};
				};
			};
			buildConfigurationList = 5AE9A6FA1C750C6600BC450B /* Build configuration list for PBXProject "2View" */;
			compatibilityVersion = "Xcode 3.2";
			developmentRegion = English;
			hasScannedForEncodings = 0;
			knownRegions = (
				en,
				Base,
			);
			mainGroup = 5AE9A6F61C750C6500BC450B;
			productRefGroup = 5AE9A7001C750C6700BC450B /* Products */;
			projectDirPath = "";
			projectRoot = "";
			targets = (
				5AE9A6FE1C750C6600BC450B /* 2View */,
			);
		};
/* End PBXProject section */

/* Begin PBXResourcesBuildPhase section */
		5AE9A6FD1C750C6600BC450B /* Resources */ = {
			isa = PBXResourcesBuildPhase;
			buildActionMask = 2147483647;
			files = (
				5AE9A7101C750C6800BC450B /* LaunchScreen.storyboard in Resources */,
				5AE9A70D1C750C6800BC450B /* Assets.xcassets in Resources */,
				5AE9A7081C750C6800BC450B /* Main.storyboard in Resources */,
			);
			runOnlyForDeploymentPostprocessing = 0;
		};
/* End PBXResourcesBuildPhase section */

/* Begin PBXSourcesBuildPhase section */
		5AE9A6FB1C750C6600BC450B /* Sources */ = {
			isa = PBXSourcesBuildPhase;
			buildActionMask = 2147483647;
			files = (
				5AE9A7051C750C6700BC450B /* ViewController.swift in Sources */,
				5AE9A7031C750C6700BC450B /* AppDelegate.swift in Sources */,
				5AE9A70B1C750C6800BC450B /* _View.xcdatamodeld in Sources */,
			);
			runOnlyForDeploymentPostprocessing = 0;
		};
/* End PBXSourcesBuildPhase section */

/* Begin PBXVariantGroup section */
		5AE9A7061C750C6800BC450B /* Main.storyboard */ = {
			isa = PBXVariantGroup;
			children = (
				5AE9A7071C750C6800BC450B /* Base */,
			);
			name = Main.storyboard;
			sourceTree = "<group>";
		};
		5AE9A70E1C750C6800BC450B /* LaunchScreen.storyboard */ = {
			isa = PBXVariantGroup;
			children = (
				5AE9A70F1C750C6800BC450B /* Base */,
			);
			name = LaunchScreen.storyboard;
			sourceTree = "<group>";
		};
/* End PBXVariantGroup section */

/* Begin XCBuildConfiguration section */
		5AE9A7121C750C6800BC450B /* Debug */ = {
			isa = XCBuildConfiguration;
			buildSettings = {
				ALWAYS_SEARCH_USER_PATHS = NO;
				CLANG_CXX_LANGUAGE_STANDARD = "gnu++0x";
				CLANG_CXX_LIBRARY = "libc++";
				CLANG_ENABLE_MODULES = YES;
				CLANG_ENABLE_OBJC_ARC = YES;
				CLANG_WARN_BOOL_CONVERSION = YES;
				CLANG_WARN_CONSTANT_CONVERSION = YES;
				CLANG_WARN_DIRECT_OBJC_ISA_USAGE = YES_ERROR;
				CLANG_WARN_EMPTY_BODY = YES;
				CLANG_WARN_ENUM_CONVERSION = YES;
				CLANG_WARN_INT_CONVERSION = YES;
				CLANG_WARN_OBJC_ROOT_CLASS = YES_ERROR;
				CLANG_WARN_UNREACHABLE_CODE = YES;
				CLANG_WARN__DUPLICATE_METHOD_MATCH = YES;
				"CODE_SIGN_IDENTITY[sdk=iphoneos*]" = "iPhone Developer";
				COPY_PHASE_STRIP = NO;
				DEBUG_INFORMATION_FORMAT = dwarf;
				ENABLE_STRICT_OBJC_MSGSEND = YES;
				ENABLE_TESTABILITY = YES;
				GCC_C_LANGUAGE_STANDARD = gnu99;
				GCC_DYNAMIC_NO_PIC = NO;
				GCC_NO_COMMON_BLOCKS = YES;
				GCC_OPTIMIZATION_LEVEL = 0;
				GCC_PREPROCESSOR_DEFINITIONS = (
					"DEBUG=1",
					"$(inherited)",
				);
				GCC_WARN_64_TO_32_BIT_CONVERSION = YES;
				GCC_WARN_ABOUT_RETURN_TYPE = YES_ERROR;
				GCC_WARN_UNDECLARED_SELECTOR = YES;
				GCC_WARN_UNINITIALIZED_AUTOS = YES_AGGRESSIVE;
				GCC_WARN_UNUSED_FUNCTION = YES;
				GCC_WARN_UNUSED_VARIABLE = YES;
				IPHONEOS_DEPLOYMENT_TARGET = 9.2;
				MTL_ENABLE_DEBUG_INFO = YES;
				ONLY_ACTIVE_ARCH = YES;
				SDKROOT = iphoneos;
				SWIFT_OPTIMIZATION_LEVEL = "-Onone";
				TARGETED_DEVICE_FAMILY = "1,2";
			};
			name = Debug;
		};
		5AE9A7131C750C6800BC450B /* Release */ = {
			isa = XCBuildConfiguration;
			buildSettings = {
				ALWAYS_SEARCH_USER_PATHS = NO;
				CLANG_CXX_LANGUAGE_STANDARD = "gnu++0x";
				CLANG_CXX_LIBRARY = "libc++";
				CLANG_ENABLE_MODULES = YES;
				CLANG_ENABLE_OBJC_ARC = YES;
				CLANG_WARN_BOOL_CONVERSION = YES;
				CLANG_WARN_CONSTANT_CONVERSION = YES;
				CLANG_WARN_DIRECT_OBJC_ISA_USAGE = YES_ERROR;
				CLANG_WARN_EMPTY_BODY = YES;
				CLANG_WARN_ENUM_CONVERSION = YES;
				CLANG_WARN_INT_CONVERSION = YES;
				CLANG_WARN_OBJC_ROOT_CLASS = YES_ERROR;
				CLANG_WARN_UNREACHABLE_CODE = YES;
				CLANG_WARN__DUPLICATE_METHOD_MATCH = YES;
				"CODE_SIGN_IDENTITY[sdk=iphoneos*]" = "iPhone Developer";
				COPY_PHASE_STRIP = NO;
				DEBUG_INFORMATION_FORMAT = "dwarf-with-dsym";
				ENABLE_NS_ASSERTIONS = NO;
				ENABLE_STRICT_OBJC_MSGSEND = YES;
				GCC_C_LANGUAGE_STANDARD = gnu99;
				GCC_NO_COMMON_BLOCKS = YES;
				GCC_WARN_64_TO_32_BIT_CONVERSION = YES;
				GCC_WARN_ABOUT_RETURN_TYPE = YES_ERROR;
				GCC_WARN_UNDECLARED_SELECTOR = YES;
				GCC_WARN_UNINITIALIZED_AUTOS = YES_AGGRESSIVE;
				GCC_WARN_UNUSED_FUNCTION = YES;
				GCC_WARN_UNUSED_VARIABLE = YES;
				IPHONEOS_DEPLOYMENT_TARGET = 9.2;
				MTL_ENABLE_DEBUG_INFO = NO;
				SDKROOT = iphoneos;
				TARGETED_DEVICE_FAMILY = "1,2";
				VALIDATE_PRODUCT = YES;
			};
			name = Release;
		};
		5AE9A7151C750C6800BC450B /* Debug */ = {
			isa = XCBuildConfiguration;
			buildSettings = {
				ASSETCATALOG_COMPILER_APPICON_NAME = AppIcon;
				INFOPLIST_FILE = 2View/Info.plist;
				LD_RUNPATH_SEARCH_PATHS = "$(inherited) @executable_path/Frameworks";
				PRODUCT_BUNDLE_IDENTIFIER = "com.owenhooper.-View";
				PRODUCT_NAME = "$(TARGET_NAME)";
			};
			name = Debug;
		};
		5AE9A7161C750C6800BC450B /* Release */ = {
			isa = XCBuildConfiguration;
			buildSettings = {
				ASSETCATALOG_COMPILER_APPICON_NAME = AppIcon;
				INFOPLIST_FILE = 2View/Info.plist;
				LD_RUNPATH_SEARCH_PATHS = "$(inherited) @executable_path/Frameworks";
				PRODUCT_BUNDLE_IDENTIFIER = "com.owenhooper.-View";
				PRODUCT_NAME = "$(TARGET_NAME)";
			};
			name = Release;
		};
/* End XCBuildConfiguration section */

/* Begin XCConfigurationList section */
		5AE9A6FA1C750C6600BC450B /* Build configuration list for PBXProject "2View" */ = {
			isa = XCConfigurationList;
			buildConfigurations = (
				5AE9A7121C750C6800BC450B /* Debug */,
				5AE9A7131C750C6800BC450B /* Release */,
			);
			defaultConfigurationIsVisible = 0;
			defaultConfigurationName = Release;
		};
		5AE9A7141C750C6800BC450B /* Build configuration list for PBXNativeTarget "2View" */ = {
			isa = XCConfigurationList;
			buildConfigurations = (
				5AE9A7151C750C6800BC450B /* Debug */,
				5AE9A7161C750C6800BC450B /* Release */,
			);
			defaultConfigurationIsVisible = 0;
		};
/* End XCConfigurationList section */

/* Begin XCVersionGroup section */
		5AE9A7091C750C6800BC450B /* _View.xcdatamodeld */ = {
			isa = XCVersionGroup;
			children = (
				5AE9A70A1C750C6800BC450B /* _View.xcdatamodel */,
			);
			currentVersion = 5AE9A70A1C750C6800BC450B /* _View.xcdatamodel */;
			path = _View.xcdatamodeld;
			sourceTree = "<group>";
			versionGroupType = wrapper.xcdatamodel;
		};
/* End XCVersionGroup section */
	};
	rootObject = 5AE9A6F71C750C6600BC450B /* Project object */;
}
